
Microsoft Visual Studio Solution File, Format Version 12.00
# Visual Studio Version 17
VisualStudioVersion = 17.11.35327.3
MinimumVisualStudioVersion = 10.0.40219.1
Project("{9A19103F-16F7-4668-BE54-9A1E7A4F7556}") = "Sigleton", "Sigleton\Sigleton.csproj", "{D9B560EA-8C8A-4077-8CB6-35056852922E}"
EndProject
Project("{9A19103F-16F7-4668-BE54-9A1E7A4F7556}") = "Builder", "Builder\Builder.csproj", "{C4B1928E-0EB6-4706-80C7-6A4382BCCE2D}"
EndProject
Project("{9A19103F-16F7-4668-BE54-9A1E7A4F7556}") = "FactoryMethod", "FactoryMethod\FactoryMethod.csproj", "{A7096DC5-4156-43D3-98A1-8CAABE2545DB}"
EndProject
Project("{FAE04EC0-301F-11D3-BF4B-00C04F79EFBC}") = "Prototype", "Prototype\Prototype.csproj", "{3CB8B778-9567-4B33-9DBF-F627DC6679F4}"
EndProject
Global
	GlobalSection(SolutionConfigurationPlatforms) = preSolution
		Debug|Any CPU = Debug|Any CPU
		Release|Any CPU = Release|Any CPU
	EndGlobalSection
	GlobalSection(ProjectConfigurationPlatforms) = postSolution
		{D9B560EA-8C8A-4077-8CB6-35056852922E}.Debug|Any CPU.ActiveCfg = Debug|Any CPU
		{D9B560EA-8C8A-4077-8CB6-35056852922E}.Debug|Any CPU.Build.0 = Debug|Any CPU
		{D9B560EA-8C8A-4077-8CB6-35056852922E}.Release|Any CPU.ActiveCfg = Release|Any CPU
		{D9B560EA-8C8A-4077-8CB6-35056852922E}.Release|Any CPU.Build.0 = Release|Any CPU
		{C4B1928E-0EB6-4706-80C7-6A4382BCCE2D}.Debug|Any CPU.ActiveCfg = Debug|Any CPU
		{C4B1928E-0EB6-4706-80C7-6A4382BCCE2D}.Debug|Any CPU.Build.0 = Debug|Any CPU
		{C4B1928E-0EB6-4706-80C7-6A4382BCCE2D}.Release|Any CPU.ActiveCfg = Release|Any CPU
		{C4B1928E-0EB6-4706-80C7-6A4382BCCE2D}.Release|Any CPU.Build.0 = Release|Any CPU
		{A7096DC5-4156-43D3-98A1-8CAABE2545DB}.Debug|Any CPU.ActiveCfg = Debug|Any CPU
		{A7096DC5-4156-43D3-98A1-8CAABE2545DB}.Debug|Any CPU.Build.0 = Debug|Any CPU
		{A7096DC5-4156-43D3-98A1-8CAABE2545DB}.Release|Any CPU.ActiveCfg = Release|Any CPU
		{A7096DC5-4156-43D3-98A1-8CAABE2545DB}.Release|Any CPU.Build.0 = Release|Any CPU
		{3CB8B778-9567-4B33-9DBF-F627DC6679F4}.Debug|Any CPU.ActiveCfg = Debug|Any CPU
		{3CB8B778-9567-4B33-9DBF-F627DC6679F4}.Debug|Any CPU.Build.0 = Debug|Any CPU
		{3CB8B778-9567-4B33-9DBF-F627DC6679F4}.Release|Any CPU.ActiveCfg = Release|Any CPU
		{3CB8B778-9567-4B33-9DBF-F627DC6679F4}.Release|Any CPU.Build.0 = Release|Any CPU
	EndGlobalSection
	GlobalSection(SolutionProperties) = preSolution
		HideSolutionNode = FALSE
	EndGlobalSection
	GlobalSection(ExtensibilityGlobals) = postSolution
		SolutionGuid = {65805418-98D3-4847-A9CC-CA26DA83BF5B}
	EndGlobalSection
EndGlobal
